
Microsoft Visual Studio Solution File, Format Version 12.00
Project("{FAE04EC0-301F-11D3-BF4B-00C04F79EFBC}") = "MyDiscgolfDiscs", "MyDiscgolfDiscs.csproj", "{1619565C-AAE4-41A3-B854-F6B74AAA003B}"
EndProject
Global
	GlobalSection(SolutionConfigurationPlatforms) = preSolution
		Debug|Any CPU = Debug|Any CPU
		Release|Any CPU = Release|Any CPU
	EndGlobalSection
	GlobalSection(ProjectConfigurationPlatforms) = postSolution
		{1619565C-AAE4-41A3-B854-F6B74AAA003B}.Debug|Any CPU.ActiveCfg = Debug|Any CPU
		{1619565C-AAE4-41A3-B854-F6B74AAA003B}.Debug|Any CPU.Build.0 = Debug|Any CPU
		{1619565C-AAE4-41A3-B854-F6B74AAA003B}.Release|Any CPU.ActiveCfg = Release|Any CPU
		{1619565C-AAE4-41A3-B854-F6B74AAA003B}.Release|Any CPU.Build.0 = Release|Any CPU
	EndGlobalSection
EndGlobal
